// !$*UTF8*$!
{
	archiveVersion = 1;
	classes = {
	};
	objectVersion = 56;
	objects = {

/* Begin PBXBuildFile section */
		1A0739BB2C4E838800800C32 /* MapViewController.swift in Sources */ = {isa = PBXBuildFile; fileRef = 1A0739BA2C4E838800800C32 /* MapViewController.swift */; };
		1A2AFB1E2C46BC9000EEBDBB /* StorageManager.swift in Sources */ = {isa = PBXBuildFile; fileRef = 1A2AFB1D2C46BC9000EEBDBB /* StorageManager.swift */; };
		1A3F30152C3ACFF900FA8B8B /* NewPlaceViewController.swift in Sources */ = {isa = PBXBuildFile; fileRef = 1A3F30142C3ACFF900FA8B8B /* NewPlaceViewController.swift */; };
		1A6483312C34341D00BC5AE0 /* AppDelegate.swift in Sources */ = {isa = PBXBuildFile; fileRef = 1A6483302C34341D00BC5AE0 /* AppDelegate.swift */; };
		1A6483332C34341D00BC5AE0 /* SceneDelegate.swift in Sources */ = {isa = PBXBuildFile; fileRef = 1A6483322C34341D00BC5AE0 /* SceneDelegate.swift */; };
		1A6483382C34341D00BC5AE0 /* Base in Resources */ = {isa = PBXBuildFile; fileRef = 1A6483372C34341D00BC5AE0 /* Base */; };
		1A64833A2C34341E00BC5AE0 /* Assets.xcassets in Resources */ = {isa = PBXBuildFile; fileRef = 1A6483392C34341E00BC5AE0 /* Assets.xcassets */; };
		1A64833D2C34341E00BC5AE0 /* Base in Resources */ = {isa = PBXBuildFile; fileRef = 1A64833C2C34341E00BC5AE0 /* Base */; };
		1A6483452C3473F500BC5AE0 /* MainViewController.swift in Sources */ = {isa = PBXBuildFile; fileRef = 1A6483442C3473F500BC5AE0 /* MainViewController.swift */; };
		1A97BF7E2C5BC54E00A7F2E1 /* MapManager.swift in Sources */ = {isa = PBXBuildFile; fileRef = 1A97BF7D2C5BC54E00A7F2E1 /* MapManager.swift */; };
		1AA4BBBD2C4C1DA400C6F529 /* RatingControl.swift in Sources */ = {isa = PBXBuildFile; fileRef = 1AA4BBBC2C4C1DA400C6F529 /* RatingControl.swift */; };
		1AAB0C352C47C12900AC175E /* .gitignore in Resources */ = {isa = PBXBuildFile; fileRef = 1AAB0C342C47C12900AC175E /* .gitignore */; };
		1ACCC1FF2C371C1C004B6D2B /* CustomTableViewCell.swift in Sources */ = {isa = PBXBuildFile; fileRef = 1ACCC1FE2C371C1C004B6D2B /* CustomTableViewCell.swift */; };
		1AFC6ECB2C3A95AD00F21CDE /* PlaceModel.swift in Sources */ = {isa = PBXBuildFile; fileRef = 1AFC6ECA2C3A95AD00F21CDE /* PlaceModel.swift */; };
		901D91F6451484D7BC09F077 /* Pods_MyPlaces.framework in Frameworks */ = {isa = PBXBuildFile; fileRef = D1DD6163E05FEA169329558A /* Pods_MyPlaces.framework */; };
/* End PBXBuildFile section */

/* Begin PBXFileReference section */
		1A0739BA2C4E838800800C32 /* MapViewController.swift */ = {isa = PBXFileReference; lastKnownFileType = sourcecode.swift; path = MapViewController.swift; sourceTree = "<group>"; };
		1A2AFB1D2C46BC9000EEBDBB /* StorageManager.swift */ = {isa = PBXFileReference; lastKnownFileType = sourcecode.swift; path = StorageManager.swift; sourceTree = "<group>"; };
		1A3F30142C3ACFF900FA8B8B /* NewPlaceViewController.swift */ = {isa = PBXFileReference; lastKnownFileType = sourcecode.swift; path = NewPlaceViewController.swift; sourceTree = "<group>"; };
		1A64832D2C34341D00BC5AE0 /* MyPlaces.app */ = {isa = PBXFileReference; explicitFileType = wrapper.application; includeInIndex = 0; path = MyPlaces.app; sourceTree = BUILT_PRODUCTS_DIR; };
		1A6483302C34341D00BC5AE0 /* AppDelegate.swift */ = {isa = PBXFileReference; lastKnownFileType = sourcecode.swift; path = AppDelegate.swift; sourceTree = "<group>"; };
		1A6483322C34341D00BC5AE0 /* SceneDelegate.swift */ = {isa = PBXFileReference; lastKnownFileType = sourcecode.swift; path = SceneDelegate.swift; sourceTree = "<group>"; };
		1A6483372C34341D00BC5AE0 /* Base */ = {isa = PBXFileReference; lastKnownFileType = file.storyboard; name = Base; path = Base.lproj/Main.storyboard; sourceTree = "<group>"; };
		1A6483392C34341E00BC5AE0 /* Assets.xcassets */ = {isa = PBXFileReference; lastKnownFileType = folder.assetcatalog; path = Assets.xcassets; sourceTree = "<group>"; };
		1A64833C2C34341E00BC5AE0 /* Base */ = {isa = PBXFileReference; lastKnownFileType = file.storyboard; name = Base; path = Base.lproj/LaunchScreen.storyboard; sourceTree = "<group>"; };
		1A64833E2C34341E00BC5AE0 /* Info.plist */ = {isa = PBXFileReference; lastKnownFileType = text.plist.xml; name = Info.plist; path = "MyPlaces/Support Files/Info.plist"; sourceTree = SOURCE_ROOT; };
		1A6483442C3473F500BC5AE0 /* MainViewController.swift */ = {isa = PBXFileReference; lastKnownFileType = sourcecode.swift; path = MainViewController.swift; sourceTree = "<group>"; };
		1A97BF7D2C5BC54E00A7F2E1 /* MapManager.swift */ = {isa = PBXFileReference; lastKnownFileType = sourcecode.swift; path = MapManager.swift; sourceTree = "<group>"; };
		1AA4BBBC2C4C1DA400C6F529 /* RatingControl.swift */ = {isa = PBXFileReference; lastKnownFileType = sourcecode.swift; path = RatingControl.swift; sourceTree = "<group>"; };
		1AAB0C342C47C12900AC175E /* .gitignore */ = {isa = PBXFileReference; lastKnownFileType = text; name = .gitignore; path = MyPlaces/.gitignore; sourceTree = "<group>"; };
		1ACCC1FE2C371C1C004B6D2B /* CustomTableViewCell.swift */ = {isa = PBXFileReference; lastKnownFileType = sourcecode.swift; path = CustomTableViewCell.swift; sourceTree = "<group>"; };
		1AFC6ECA2C3A95AD00F21CDE /* PlaceModel.swift */ = {isa = PBXFileReference; lastKnownFileType = sourcecode.swift; path = PlaceModel.swift; sourceTree = "<group>"; };
		5C2018C4C4A2F65B01C813FA /* Pods-MyPlaces.debug.xcconfig */ = {isa = PBXFileReference; includeInIndex = 1; lastKnownFileType = text.xcconfig; name = "Pods-MyPlaces.debug.xcconfig"; path = "Target Support Files/Pods-MyPlaces/Pods-MyPlaces.debug.xcconfig"; sourceTree = "<group>"; };
		9C43844ECF5E2A2B2CCA7AB6 /* Pods-MyPlaces.release.xcconfig */ = {isa = PBXFileReference; includeInIndex = 1; lastKnownFileType = text.xcconfig; name = "Pods-MyPlaces.release.xcconfig"; path = "Target Support Files/Pods-MyPlaces/Pods-MyPlaces.release.xcconfig"; sourceTree = "<group>"; };
		D1DD6163E05FEA169329558A /* Pods_MyPlaces.framework */ = {isa = PBXFileReference; explicitFileType = wrapper.framework; includeInIndex = 0; path = Pods_MyPlaces.framework; sourceTree = BUILT_PRODUCTS_DIR; };
/* End PBXFileReference section */

/* Begin PBXFrameworksBuildPhase section */
		1A64832A2C34341D00BC5AE0 /* Frameworks */ = {
			isa = PBXFrameworksBuildPhase;
			buildActionMask = 2147483647;
			files = (
				901D91F6451484D7BC09F077 /* Pods_MyPlaces.framework in Frameworks */,
			);
			runOnlyForDeploymentPostprocessing = 0;
		};
/* End PBXFrameworksBuildPhase section */

/* Begin PBXGroup section */
		1A6483242C34341D00BC5AE0 = {
			isa = PBXGroup;
			children = (
				1A64832F2C34341D00BC5AE0 /* MyPlaces */,
				1A64832E2C34341D00BC5AE0 /* Products */,
				283C0931B0607C097C3D41FE /* Pods */,
				1AAB0C342C47C12900AC175E /* .gitignore */,
				DCC178DBAA2EA0BDAD94F2D0 /* Frameworks */,
			);
			sourceTree = "<group>";
		};
		1A64832E2C34341D00BC5AE0 /* Products */ = {
			isa = PBXGroup;
			children = (
				1A64832D2C34341D00BC5AE0 /* MyPlaces.app */,
			);
			name = Products;
			sourceTree = "<group>";
		};
		1A64832F2C34341D00BC5AE0 /* MyPlaces */ = {
			isa = PBXGroup;
			children = (
				1A97BF7F2C5BD2DB00A7F2E1 /* ViewControllers */,
				1A97BF812C5BD37900A7F2E1 /* Helpers */,
				1A97BF802C5BD36400A7F2E1 /* Models */,
				1A97BF822C5BD3A800A7F2E1 /* Support Files */,
				1A97BF832C5BD3FA00A7F2E1 /* IBuilder */,
			);
			path = MyPlaces;
			sourceTree = "<group>";
		};
		1A97BF7F2C5BD2DB00A7F2E1 /* ViewControllers */ = {
			isa = PBXGroup;
			children = (
				1A6483442C3473F500BC5AE0 /* MainViewController.swift */,
				1A3F30142C3ACFF900FA8B8B /* NewPlaceViewController.swift */,
				1A0739BA2C4E838800800C32 /* MapViewController.swift */,
				1ACCC1FE2C371C1C004B6D2B /* CustomTableViewCell.swift */,
			);
			path = ViewControllers;
			sourceTree = "<group>";
		};
		1A97BF802C5BD36400A7F2E1 /* Models */ = {
			isa = PBXGroup;
			children = (
				1AFC6ECA2C3A95AD00F21CDE /* PlaceModel.swift */,
			);
			path = Models;
			sourceTree = "<group>";
		};
		1A97BF812C5BD37900A7F2E1 /* Helpers */ = {
			isa = PBXGroup;
			children = (
				1A97BF7D2C5BC54E00A7F2E1 /* MapManager.swift */,
				1A2AFB1D2C46BC9000EEBDBB /* StorageManager.swift */,
				1AA4BBBC2C4C1DA400C6F529 /* RatingControl.swift */,
			);
			path = Helpers;
			sourceTree = "<group>";
		};
		1A97BF822C5BD3A800A7F2E1 /* Support Files */ = {
			isa = PBXGroup;
			children = (
				1A6483302C34341D00BC5AE0 /* AppDelegate.swift */,
				1A6483322C34341D00BC5AE0 /* SceneDelegate.swift */,
				1A6483392C34341E00BC5AE0 /* Assets.xcassets */,
				1A64833E2C34341E00BC5AE0 /* Info.plist */,
			);
			path = "Support Files";
			sourceTree = "<group>";
		};
		1A97BF832C5BD3FA00A7F2E1 /* IBuilder */ = {
			isa = PBXGroup;
			children = (
				1A6483362C34341D00BC5AE0 /* Main.storyboard */,
				1A64833B2C34341E00BC5AE0 /* LaunchScreen.storyboard */,
			);
			path = IBuilder;
			sourceTree = "<group>";
		};
		283C0931B0607C097C3D41FE /* Pods */ = {
			isa = PBXGroup;
			children = (
				5C2018C4C4A2F65B01C813FA /* Pods-MyPlaces.debug.xcconfig */,
				9C43844ECF5E2A2B2CCA7AB6 /* Pods-MyPlaces.release.xcconfig */,
			);
			path = Pods;
			sourceTree = "<group>";
		};
		DCC178DBAA2EA0BDAD94F2D0 /* Frameworks */ = {
			isa = PBXGroup;
			children = (
				D1DD6163E05FEA169329558A /* Pods_MyPlaces.framework */,
			);
			name = Frameworks;
			sourceTree = "<group>";
		};
/* End PBXGroup section */

/* Begin PBXNativeTarget section */
		1A64832C2C34341D00BC5AE0 /* MyPlaces */ = {
			isa = PBXNativeTarget;
			buildConfigurationList = 1A6483412C34341E00BC5AE0 /* Build configuration list for PBXNativeTarget "MyPlaces" */;
			buildPhases = (
				2841BA35B5578A519AA0F5D2 /* [CP] Check Pods Manifest.lock */,
				1A6483292C34341D00BC5AE0 /* Sources */,
				1A64832A2C34341D00BC5AE0 /* Frameworks */,
				1A64832B2C34341D00BC5AE0 /* Resources */,
				80B1BB49C64B5488B8755FD0 /* [CP] Embed Pods Frameworks */,
			);
			buildRules = (
			);
			dependencies = (
			);
			name = MyPlaces;
			productName = MyPlaces;
			productReference = 1A64832D2C34341D00BC5AE0 /* MyPlaces.app */;
			productType = "com.apple.product-type.application";
		};
/* End PBXNativeTarget section */

/* Begin PBXProject section */
		1A6483252C34341D00BC5AE0 /* Project object */ = {
			isa = PBXProject;
			attributes = {
				BuildIndependentTargetsInParallel = 1;
				LastSwiftUpdateCheck = 1540;
				LastUpgradeCheck = 1540;
				TargetAttributes = {
					1A64832C2C34341D00BC5AE0 = {
						CreatedOnToolsVersion = 15.4;
					};
				};
			};
			buildConfigurationList = 1A6483282C34341D00BC5AE0 /* Build configuration list for PBXProject "MyPlaces" */;
			compatibilityVersion = "Xcode 14.0";
			developmentRegion = en;
			hasScannedForEncodings = 0;
			knownRegions = (
				en,
				Base,
			);
			mainGroup = 1A6483242C34341D00BC5AE0;
			productRefGroup = 1A64832E2C34341D00BC5AE0 /* Products */;
			projectDirPath = "";
			projectRoot = "";
			targets = (
				1A64832C2C34341D00BC5AE0 /* MyPlaces */,
			);
		};
/* End PBXProject section */

/* Begin PBXResourcesBuildPhase section */
		1A64832B2C34341D00BC5AE0 /* Resources */ = {
			isa = PBXResourcesBuildPhase;
			buildActionMask = 2147483647;
			files = (
				1AAB0C352C47C12900AC175E /* .gitignore in Resources */,
				1A64833A2C34341E00BC5AE0 /* Assets.xcassets in Resources */,
				1A64833D2C34341E00BC5AE0 /* Base in Resources */,
				1A6483382C34341D00BC5AE0 /* Base in Resources */,
			);
			runOnlyForDeploymentPostprocessing = 0;
		};
/* End PBXResourcesBuildPhase section */

/* Begin PBXShellScriptBuildPhase section */
		2841BA35B5578A519AA0F5D2 /* [CP] Check Pods Manifest.lock */ = {
			isa = PBXShellScriptBuildPhase;
			buildActionMask = 2147483647;
			files = (
			);
			inputFileListPaths = (
			);
			inputPaths = (
				"${PODS_PODFILE_DIR_PATH}/Podfile.lock",
				"${PODS_ROOT}/Manifest.lock",
			);
			name = "[CP] Check Pods Manifest.lock";
			outputFileListPaths = (
			);
			outputPaths = (
				"$(DERIVED_FILE_DIR)/Pods-MyPlaces-checkManifestLockResult.txt",
			);
			runOnlyForDeploymentPostprocessing = 0;
			shellPath = /bin/sh;
			shellScript = "diff \"${PODS_PODFILE_DIR_PATH}/Podfile.lock\" \"${PODS_ROOT}/Manifest.lock\" > /dev/null\nif [ $? != 0 ] ; then\n    # print error to STDERR\n    echo \"error: The sandbox is not in sync with the Podfile.lock. Run 'pod install' or update your CocoaPods installation.\" >&2\n    exit 1\nfi\n# This output is used by Xcode 'outputs' to avoid re-running this script phase.\necho \"SUCCESS\" > \"${SCRIPT_OUTPUT_FILE_0}\"\n";
			showEnvVarsInLog = 0;
		};
		80B1BB49C64B5488B8755FD0 /* [CP] Embed Pods Frameworks */ = {
			isa = PBXShellScriptBuildPhase;
			buildActionMask = 2147483647;
			files = (
			);
			inputFileListPaths = (
				"${PODS_ROOT}/Target Support Files/Pods-MyPlaces/Pods-MyPlaces-frameworks-${CONFIGURATION}-input-files.xcfilelist",
			);
			name = "[CP] Embed Pods Frameworks";
			outputFileListPaths = (
				"${PODS_ROOT}/Target Support Files/Pods-MyPlaces/Pods-MyPlaces-frameworks-${CONFIGURATION}-output-files.xcfilelist",
			);
			runOnlyForDeploymentPostprocessing = 0;
			shellPath = /bin/sh;
			shellScript = "\"${PODS_ROOT}/Target Support Files/Pods-MyPlaces/Pods-MyPlaces-frameworks.sh\"\n";
			showEnvVarsInLog = 0;
		};
/* End PBXShellScriptBuildPhase section */

/* Begin PBXSourcesBuildPhase section */
		1A6483292C34341D00BC5AE0 /* Sources */ = {
			isa = PBXSourcesBuildPhase;
			buildActionMask = 2147483647;
			files = (
				1A6483452C3473F500BC5AE0 /* MainViewController.swift in Sources */,
				1A3F30152C3ACFF900FA8B8B /* NewPlaceViewController.swift in Sources */,
				1A6483312C34341D00BC5AE0 /* AppDelegate.swift in Sources */,
				1A2AFB1E2C46BC9000EEBDBB /* StorageManager.swift in Sources */,
				1A0739BB2C4E838800800C32 /* MapViewController.swift in Sources */,
				1AA4BBBD2C4C1DA400C6F529 /* RatingControl.swift in Sources */,
				1A97BF7E2C5BC54E00A7F2E1 /* MapManager.swift in Sources */,
				1AFC6ECB2C3A95AD00F21CDE /* PlaceModel.swift in Sources */,
				1ACCC1FF2C371C1C004B6D2B /* CustomTableViewCell.swift in Sources */,
				1A6483332C34341D00BC5AE0 /* SceneDelegate.swift in Sources */,
			);
			runOnlyForDeploymentPostprocessing = 0;
		};
/* End PBXSourcesBuildPhase section */

/* Begin PBXVariantGroup section */
		1A6483362C34341D00BC5AE0 /* Main.storyboard */ = {
			isa = PBXVariantGroup;
			children = (
				1A6483372C34341D00BC5AE0 /* Base */,
			);
			name = Main.storyboard;
			sourceTree = "<group>";
		};
		1A64833B2C34341E00BC5AE0 /* LaunchScreen.storyboard */ = {
			isa = PBXVariantGroup;
			children = (
				1A64833C2C34341E00BC5AE0 /* Base */,
			);
			name = LaunchScreen.storyboard;
			sourceTree = "<group>";
		};
/* End PBXVariantGroup section */

/* Begin XCBuildConfiguration section */
		1A64833F2C34341E00BC5AE0 /* Debug */ = {
			isa = XCBuildConfiguration;
			buildSettings = {
				ALWAYS_SEARCH_USER_PATHS = NO;
				ASSETCATALOG_COMPILER_GENERATE_SWIFT_ASSET_SYMBOL_EXTENSIONS = YES;
				CLANG_ANALYZER_NONNULL = YES;
				CLANG_ANALYZER_NUMBER_OBJECT_CONVERSION = YES_AGGRESSIVE;
				CLANG_CXX_LANGUAGE_STANDARD = "gnu++20";
				CLANG_ENABLE_MODULES = YES;
				CLANG_ENABLE_OBJC_ARC = YES;
				CLANG_ENABLE_OBJC_WEAK = YES;
				CLANG_WARN_BLOCK_CAPTURE_AUTORELEASING = YES;
				CLANG_WARN_BOOL_CONVERSION = YES;
				CLANG_WARN_COMMA = YES;
				CLANG_WARN_CONSTANT_CONVERSION = YES;
				CLANG_WARN_DEPRECATED_OBJC_IMPLEMENTATIONS = YES;
				CLANG_WARN_DIRECT_OBJC_ISA_USAGE = YES_ERROR;
				CLANG_WARN_DOCUMENTATION_COMMENTS = YES;
				CLANG_WARN_EMPTY_BODY = YES;
				CLANG_WARN_ENUM_CONVERSION = YES;
				CLANG_WARN_INFINITE_RECURSION = YES;
				CLANG_WARN_INT_CONVERSION = YES;
				CLANG_WARN_NON_LITERAL_NULL_CONVERSION = YES;
				CLANG_WARN_OBJC_IMPLICIT_RETAIN_SELF = YES;
				CLANG_WARN_OBJC_LITERAL_CONVERSION = YES;
				CLANG_WARN_OBJC_ROOT_CLASS = YES_ERROR;
				CLANG_WARN_QUOTED_INCLUDE_IN_FRAMEWORK_HEADER = YES;
				CLANG_WARN_RANGE_LOOP_ANALYSIS = YES;
				CLANG_WARN_STRICT_PROTOTYPES = YES;
				CLANG_WARN_SUSPICIOUS_MOVE = YES;
				CLANG_WARN_UNGUARDED_AVAILABILITY = YES_AGGRESSIVE;
				CLANG_WARN_UNREACHABLE_CODE = YES;
				CLANG_WARN__DUPLICATE_METHOD_MATCH = YES;
				COPY_PHASE_STRIP = NO;
				DEBUG_INFORMATION_FORMAT = dwarf;
				ENABLE_STRICT_OBJC_MSGSEND = YES;
				ENABLE_TESTABILITY = YES;
				ENABLE_USER_SCRIPT_SANDBOXING = YES;
				GCC_C_LANGUAGE_STANDARD = gnu17;
				GCC_DYNAMIC_NO_PIC = NO;
				GCC_NO_COMMON_BLOCKS = YES;
				GCC_OPTIMIZATION_LEVEL = 0;
				GCC_PREPROCESSOR_DEFINITIONS = (
					"DEBUG=1",
					"$(inherited)",
				);
				GCC_WARN_64_TO_32_BIT_CONVERSION = YES;
				GCC_WARN_ABOUT_RETURN_TYPE = YES_ERROR;
				GCC_WARN_UNDECLARED_SELECTOR = YES;
				GCC_WARN_UNINITIALIZED_AUTOS = YES_AGGRESSIVE;
				GCC_WARN_UNUSED_FUNCTION = YES;
				GCC_WARN_UNUSED_VARIABLE = YES;
				IPHONEOS_DEPLOYMENT_TARGET = 17.5;
				LOCALIZATION_PREFERS_STRING_CATALOGS = YES;
				MTL_ENABLE_DEBUG_INFO = INCLUDE_SOURCE;
				MTL_FAST_MATH = YES;
				ONLY_ACTIVE_ARCH = YES;
				SDKROOT = iphoneos;
				SWIFT_ACTIVE_COMPILATION_CONDITIONS = "DEBUG $(inherited)";
				SWIFT_OPTIMIZATION_LEVEL = "-Onone";
			};
			name = Debug;
		};
		1A6483402C34341E00BC5AE0 /* Release */ = {
			isa = XCBuildConfiguration;
			buildSettings = {
				ALWAYS_SEARCH_USER_PATHS = NO;
				ASSETCATALOG_COMPILER_GENERATE_SWIFT_ASSET_SYMBOL_EXTENSIONS = YES;
				CLANG_ANALYZER_NONNULL = YES;
				CLANG_ANALYZER_NUMBER_OBJECT_CONVERSION = YES_AGGRESSIVE;
				CLANG_CXX_LANGUAGE_STANDARD = "gnu++20";
				CLANG_ENABLE_MODULES = YES;
				CLANG_ENABLE_OBJC_ARC = YES;
				CLANG_ENABLE_OBJC_WEAK = YES;
				CLANG_WARN_BLOCK_CAPTURE_AUTORELEASING = YES;
				CLANG_WARN_BOOL_CONVERSION = YES;
				CLANG_WARN_COMMA = YES;
				CLANG_WARN_CONSTANT_CONVERSION = YES;
				CLANG_WARN_DEPRECATED_OBJC_IMPLEMENTATIONS = YES;
				CLANG_WARN_DIRECT_OBJC_ISA_USAGE = YES_ERROR;
				CLANG_WARN_DOCUMENTATION_COMMENTS = YES;
				CLANG_WARN_EMPTY_BODY = YES;
				CLANG_WARN_ENUM_CONVERSION = YES;
				CLANG_WARN_INFINITE_RECURSION = YES;
				CLANG_WARN_INT_CONVERSION = YES;
				CLANG_WARN_NON_LITERAL_NULL_CONVERSION = YES;
				CLANG_WARN_OBJC_IMPLICIT_RETAIN_SELF = YES;
				CLANG_WARN_OBJC_LITERAL_CONVERSION = YES;
				CLANG_WARN_OBJC_ROOT_CLASS = YES_ERROR;
				CLANG_WARN_QUOTED_INCLUDE_IN_FRAMEWORK_HEADER = YES;
				CLANG_WARN_RANGE_LOOP_ANALYSIS = YES;
				CLANG_WARN_STRICT_PROTOTYPES = YES;
				CLANG_WARN_SUSPICIOUS_MOVE = YES;
				CLANG_WARN_UNGUARDED_AVAILABILITY = YES_AGGRESSIVE;
				CLANG_WARN_UNREACHABLE_CODE = YES;
				CLANG_WARN__DUPLICATE_METHOD_MATCH = YES;
				COPY_PHASE_STRIP = NO;
				DEBUG_INFORMATION_FORMAT = "dwarf-with-dsym";
				ENABLE_NS_ASSERTIONS = NO;
				ENABLE_STRICT_OBJC_MSGSEND = YES;
				ENABLE_USER_SCRIPT_SANDBOXING = YES;
				GCC_C_LANGUAGE_STANDARD = gnu17;
				GCC_NO_COMMON_BLOCKS = YES;
				GCC_WARN_64_TO_32_BIT_CONVERSION = YES;
				GCC_WARN_ABOUT_RETURN_TYPE = YES_ERROR;
				GCC_WARN_UNDECLARED_SELECTOR = YES;
				GCC_WARN_UNINITIALIZED_AUTOS = YES_AGGRESSIVE;
				GCC_WARN_UNUSED_FUNCTION = YES;
				GCC_WARN_UNUSED_VARIABLE = YES;
				IPHONEOS_DEPLOYMENT_TARGET = 17.5;
				LOCALIZATION_PREFERS_STRING_CATALOGS = YES;
				MTL_ENABLE_DEBUG_INFO = NO;
				MTL_FAST_MATH = YES;
				SDKROOT = iphoneos;
				SWIFT_COMPILATION_MODE = wholemodule;
				VALIDATE_PRODUCT = YES;
			};
			name = Release;
		};
		1A6483422C34341E00BC5AE0 /* Debug */ = {
			isa = XCBuildConfiguration;
			baseConfigurationReference = 5C2018C4C4A2F65B01C813FA /* Pods-MyPlaces.debug.xcconfig */;
			buildSettings = {
				ASSETCATALOG_COMPILER_APPICON_NAME = AppIcon;
				ASSETCATALOG_COMPILER_GLOBAL_ACCENT_COLOR_NAME = AccentColor;
				CODE_SIGN_STYLE = Automatic;
				CURRENT_PROJECT_VERSION = 1;
				DEVELOPMENT_TEAM = 485SGTRH6B;
				ENABLE_USER_SCRIPT_SANDBOXING = NO;
				EXCLUDED_ARCHS = "";
				GENERATE_INFOPLIST_FILE = YES;
				INFOPLIST_FILE = "MyPlaces/Support Files/Info.plist";
				INFOPLIST_KEY_UIApplicationSupportsIndirectInputEvents = YES;
				INFOPLIST_KEY_UILaunchStoryboardName = LaunchScreen;
				INFOPLIST_KEY_UIMainStoryboardFile = Main;
				INFOPLIST_KEY_UISupportedInterfaceOrientations_iPad = "UIInterfaceOrientationPortrait UIInterfaceOrientationPortraitUpsideDown UIInterfaceOrientationLandscapeLeft UIInterfaceOrientationLandscapeRight";
				INFOPLIST_KEY_UISupportedInterfaceOrientations_iPhone = "UIInterfaceOrientationPortrait UIInterfaceOrientationLandscapeLeft UIInterfaceOrientationLandscapeRight";
				LD_RUNPATH_SEARCH_PATHS = (
					"$(inherited)",
					"@executable_path/Frameworks",
				);
				MARKETING_VERSION = 1.0;
				PRODUCT_BUNDLE_IDENTIFIER = Freshwins.MyPlaces;
				PRODUCT_NAME = "$(TARGET_NAME)";
				SWIFT_EMIT_LOC_STRINGS = YES;
				SWIFT_VERSION = 5.0;
				TARGETED_DEVICE_FAMILY = "1,2";
			};
			name = Debug;
		};
		1A6483432C34341E00BC5AE0 /* Release */ = {
			isa = XCBuildConfiguration;
			baseConfigurationReference = 9C43844ECF5E2A2B2CCA7AB6 /* Pods-MyPlaces.release.xcconfig */;
			buildSettings = {
				ASSETCATALOG_COMPILER_APPICON_NAME = AppIcon;
				ASSETCATALOG_COMPILER_GLOBAL_ACCENT_COLOR_NAME = AccentColor;
				CODE_SIGN_STYLE = Automatic;
				CURRENT_PROJECT_VERSION = 1;
				DEVELOPMENT_TEAM = 485SGTRH6B;
				ENABLE_USER_SCRIPT_SANDBOXING = NO;
				EXCLUDED_ARCHS = "";
				GENERATE_INFOPLIST_FILE = YES;
				INFOPLIST_FILE = "MyPlaces/Support Files/Info.plist";
				INFOPLIST_KEY_UIApplicationSupportsIndirectInputEvents = YES;
				INFOPLIST_KEY_UILaunchStoryboardName = LaunchScreen;
				INFOPLIST_KEY_UIMainStoryboardFile = Main;
				INFOPLIST_KEY_UISupportedInterfaceOrientations_iPad = "UIInterfaceOrientationPortrait UIInterfaceOrientationPortraitUpsideDown UIInterfaceOrientationLandscapeLeft UIInterfaceOrientationLandscapeRight";
				INFOPLIST_KEY_UISupportedInterfaceOrientations_iPhone = "UIInterfaceOrientationPortrait UIInterfaceOrientationLandscapeLeft UIInterfaceOrientationLandscapeRight";
				LD_RUNPATH_SEARCH_PATHS = (
					"$(inherited)",
					"@executable_path/Frameworks",
				);
				MARKETING_VERSION = 1.0;
				PRODUCT_BUNDLE_IDENTIFIER = Freshwins.MyPlaces;
				PRODUCT_NAME = "$(TARGET_NAME)";
				SWIFT_EMIT_LOC_STRINGS = YES;
				SWIFT_VERSION = 5.0;
				TARGETED_DEVICE_FAMILY = "1,2";
			};
			name = Release;
		};
/* End XCBuildConfiguration section */

/* Begin XCConfigurationList section */
		1A6483282C34341D00BC5AE0 /* Build configuration list for PBXProject "MyPlaces" */ = {
			isa = XCConfigurationList;
			buildConfigurations = (
				1A64833F2C34341E00BC5AE0 /* Debug */,
				1A6483402C34341E00BC5AE0 /* Release */,
			);
			defaultConfigurationIsVisible = 0;
			defaultConfigurationName = Release;
		};
		1A6483412C34341E00BC5AE0 /* Build configuration list for PBXNativeTarget "MyPlaces" */ = {
			isa = XCConfigurationList;
			buildConfigurations = (
				1A6483422C34341E00BC5AE0 /* Debug */,
				1A6483432C34341E00BC5AE0 /* Release */,
			);
			defaultConfigurationIsVisible = 0;
			defaultConfigurationName = Release;
		};
/* End XCConfigurationList section */
	};
	rootObject = 1A6483252C34341D00BC5AE0 /* Project object */;
}
